// !$*UTF8*$!
{
	archiveVersion = 1;
	classes = {
	};
	objectVersion = 52;
	objects = {

/* Begin PBXBuildFile section */
		6F704FCDDC9675E87436CD4D /* Pods_Sample.framework in Frameworks */ = {isa = PBXBuildFile; fileRef = 23761F6123AB5675A456F5FC /* Pods_Sample.framework */; };
		B021BC452504B56E00BFB99E /* AppDelegate.swift in Sources */ = {isa = PBXBuildFile; fileRef = B021BC442504B56E00BFB99E /* AppDelegate.swift */; };
		B021BC472504B56E00BFB99E /* SceneDelegate.swift in Sources */ = {isa = PBXBuildFile; fileRef = B021BC462504B56E00BFB99E /* SceneDelegate.swift */; };
		B021BC492504B56E00BFB99E /* ContentView.swift in Sources */ = {isa = PBXBuildFile; fileRef = B021BC482504B56E00BFB99E /* ContentView.swift */; };
		B021BC4B2504B57200BFB99E /* Assets.xcassets in Resources */ = {isa = PBXBuildFile; fileRef = B021BC4A2504B57200BFB99E /* Assets.xcassets */; };
		B021BC4E2504B57200BFB99E /* Preview Assets.xcassets in Resources */ = {isa = PBXBuildFile; fileRef = B021BC4D2504B57200BFB99E /* Preview Assets.xcassets */; };
		B021BC512504B57200BFB99E /* LaunchScreen.storyboard in Resources */ = {isa = PBXBuildFile; fileRef = B021BC4F2504B57200BFB99E /* LaunchScreen.storyboard */; };
		B021BC5C2504B57300BFB99E /* SampleTests.swift in Sources */ = {isa = PBXBuildFile; fileRef = B021BC5B2504B57300BFB99E /* SampleTests.swift */; };
		B021BC6A2504BC9000BFB99E /* SFSafeSymbols in Frameworks */ = {isa = PBXBuildFile; productRef = B021BC692504BC9000BFB99E /* SFSafeSymbols */; };
		B02B47E92507BEC700031602 /* TILogger in Frameworks */ = {isa = PBXBuildFile; productRef = B02B47E82507BEC700031602 /* TILogger */; };
/* End PBXBuildFile section */

/* Begin PBXContainerItemProxy section */
		B021BC582504B57300BFB99E /* PBXContainerItemProxy */ = {
			isa = PBXContainerItemProxy;
			containerPortal = B021BC392504B56E00BFB99E /* Project object */;
			proxyType = 1;
			remoteGlobalIDString = B021BC402504B56E00BFB99E;
			remoteInfo = Sample;
		};
/* End PBXContainerItemProxy section */

/* Begin PBXFileReference section */
		0E4C4370AFA6BE790408DCE5 /* Pods-Sample.release.xcconfig */ = {isa = PBXFileReference; includeInIndex = 1; lastKnownFileType = text.xcconfig; name = "Pods-Sample.release.xcconfig"; path = "Target Support Files/Pods-Sample/Pods-Sample.release.xcconfig"; sourceTree = "<group>"; };
		23761F6123AB5675A456F5FC /* Pods_Sample.framework */ = {isa = PBXFileReference; explicitFileType = wrapper.framework; includeInIndex = 0; path = Pods_Sample.framework; sourceTree = BUILT_PRODUCTS_DIR; };
		4D3BB912A07587F37C394E83 /* Pods-Sample.debug.xcconfig */ = {isa = PBXFileReference; includeInIndex = 1; lastKnownFileType = text.xcconfig; name = "Pods-Sample.debug.xcconfig"; path = "Target Support Files/Pods-Sample/Pods-Sample.debug.xcconfig"; sourceTree = "<group>"; };
		B021BC412504B56E00BFB99E /* Sample.app */ = {isa = PBXFileReference; explicitFileType = wrapper.application; includeInIndex = 0; path = Sample.app; sourceTree = BUILT_PRODUCTS_DIR; };
		B021BC442504B56E00BFB99E /* AppDelegate.swift */ = {isa = PBXFileReference; lastKnownFileType = sourcecode.swift; path = AppDelegate.swift; sourceTree = "<group>"; };
		B021BC462504B56E00BFB99E /* SceneDelegate.swift */ = {isa = PBXFileReference; lastKnownFileType = sourcecode.swift; path = SceneDelegate.swift; sourceTree = "<group>"; };
		B021BC482504B56E00BFB99E /* ContentView.swift */ = {isa = PBXFileReference; lastKnownFileType = sourcecode.swift; path = ContentView.swift; sourceTree = "<group>"; };
		B021BC4A2504B57200BFB99E /* Assets.xcassets */ = {isa = PBXFileReference; lastKnownFileType = folder.assetcatalog; path = Assets.xcassets; sourceTree = "<group>"; };
		B021BC4D2504B57200BFB99E /* Preview Assets.xcassets */ = {isa = PBXFileReference; lastKnownFileType = folder.assetcatalog; path = "Preview Assets.xcassets"; sourceTree = "<group>"; };
		B021BC502504B57200BFB99E /* Base */ = {isa = PBXFileReference; lastKnownFileType = file.storyboard; name = Base; path = Base.lproj/LaunchScreen.storyboard; sourceTree = "<group>"; };
		B021BC522504B57200BFB99E /* Info.plist */ = {isa = PBXFileReference; lastKnownFileType = text.plist.xml; path = Info.plist; sourceTree = "<group>"; };
		B021BC572504B57300BFB99E /* SampleTests.xctest */ = {isa = PBXFileReference; explicitFileType = wrapper.cfbundle; includeInIndex = 0; path = SampleTests.xctest; sourceTree = BUILT_PRODUCTS_DIR; };
		B021BC5B2504B57300BFB99E /* SampleTests.swift */ = {isa = PBXFileReference; lastKnownFileType = sourcecode.swift; path = SampleTests.swift; sourceTree = "<group>"; };
		B021BC5D2504B57300BFB99E /* Info.plist */ = {isa = PBXFileReference; lastKnownFileType = text.plist.xml; path = Info.plist; sourceTree = "<group>"; };
/* End PBXFileReference section */

/* Begin PBXFrameworksBuildPhase section */
		B021BC3E2504B56E00BFB99E /* Frameworks */ = {
			isa = PBXFrameworksBuildPhase;
			buildActionMask = 2147483647;
			files = (
				B021BC6A2504BC9000BFB99E /* SFSafeSymbols in Frameworks */,
				B02B47E92507BEC700031602 /* TILogger in Frameworks */,
				6F704FCDDC9675E87436CD4D /* Pods_Sample.framework in Frameworks */,
			);
			runOnlyForDeploymentPostprocessing = 0;
		};
		B021BC542504B57300BFB99E /* Frameworks */ = {
			isa = PBXFrameworksBuildPhase;
			buildActionMask = 2147483647;
			files = (
			);
			runOnlyForDeploymentPostprocessing = 0;
		};
/* End PBXFrameworksBuildPhase section */

/* Begin PBXGroup section */
		70B8854C788F8246968924CF /* Frameworks */ = {
			isa = PBXGroup;
			children = (
				23761F6123AB5675A456F5FC /* Pods_Sample.framework */,
			);
			name = Frameworks;
			sourceTree = "<group>";
		};
		8549D99DE5899F21F591AE39 /* Pods */ = {
			isa = PBXGroup;
			children = (
				4D3BB912A07587F37C394E83 /* Pods-Sample.debug.xcconfig */,
				0E4C4370AFA6BE790408DCE5 /* Pods-Sample.release.xcconfig */,
			);
			path = Pods;
			sourceTree = "<group>";
		};
		B021BC382504B56E00BFB99E = {
			isa = PBXGroup;
			children = (
				B021BC432504B56E00BFB99E /* Sample */,
				B021BC5A2504B57300BFB99E /* SampleTests */,
				B021BC422504B56E00BFB99E /* Products */,
				8549D99DE5899F21F591AE39 /* Pods */,
				70B8854C788F8246968924CF /* Frameworks */,
			);
			sourceTree = "<group>";
		};
		B021BC422504B56E00BFB99E /* Products */ = {
			isa = PBXGroup;
			children = (
				B021BC412504B56E00BFB99E /* Sample.app */,
				B021BC572504B57300BFB99E /* SampleTests.xctest */,
			);
			name = Products;
			sourceTree = "<group>";
		};
		B021BC432504B56E00BFB99E /* Sample */ = {
			isa = PBXGroup;
			children = (
				B021BC442504B56E00BFB99E /* AppDelegate.swift */,
				B021BC462504B56E00BFB99E /* SceneDelegate.swift */,
				B021BC482504B56E00BFB99E /* ContentView.swift */,
				B021BC4A2504B57200BFB99E /* Assets.xcassets */,
				B021BC4F2504B57200BFB99E /* LaunchScreen.storyboard */,
				B021BC522504B57200BFB99E /* Info.plist */,
				B021BC4C2504B57200BFB99E /* Preview Content */,
			);
			path = Sample;
			sourceTree = "<group>";
		};
		B021BC4C2504B57200BFB99E /* Preview Content */ = {
			isa = PBXGroup;
			children = (
				B021BC4D2504B57200BFB99E /* Preview Assets.xcassets */,
			);
			path = "Preview Content";
			sourceTree = "<group>";
		};
		B021BC5A2504B57300BFB99E /* SampleTests */ = {
			isa = PBXGroup;
			children = (
				B021BC5B2504B57300BFB99E /* SampleTests.swift */,
				B021BC5D2504B57300BFB99E /* Info.plist */,
			);
			path = SampleTests;
			sourceTree = "<group>";
		};
/* End PBXGroup section */

/* Begin PBXNativeTarget section */
		B021BC402504B56E00BFB99E /* Sample */ = {
			isa = PBXNativeTarget;
			buildConfigurationList = B021BC602504B57300BFB99E /* Build configuration list for PBXNativeTarget "Sample" */;
			buildPhases = (
				C8F17D4206A003F561C820BA /* [CP] Check Pods Manifest.lock */,
				B021BC3D2504B56E00BFB99E /* Sources */,
				B021BC3E2504B56E00BFB99E /* Frameworks */,
				B021BC3F2504B56E00BFB99E /* Resources */,
				DD4C517B273493B25E8E8037 /* [CP] Embed Pods Frameworks */,
			);
			buildRules = (
			);
			dependencies = (
			);
			name = Sample;
			packageProductDependencies = (
				B021BC692504BC9000BFB99E /* SFSafeSymbols */,
				B02B47E82507BEC700031602 /* TILogger */,
			);
			productName = Sample;
			productReference = B021BC412504B56E00BFB99E /* Sample.app */;
			productType = "com.apple.product-type.application";
		};
		B021BC562504B57300BFB99E /* SampleTests */ = {
			isa = PBXNativeTarget;
			buildConfigurationList = B021BC632504B57300BFB99E /* Build configuration list for PBXNativeTarget "SampleTests" */;
			buildPhases = (
				B021BC532504B57300BFB99E /* Sources */,
				B021BC542504B57300BFB99E /* Frameworks */,
				B021BC552504B57300BFB99E /* Resources */,
			);
			buildRules = (
			);
			dependencies = (
				B021BC592504B57300BFB99E /* PBXTargetDependency */,
			);
			name = SampleTests;
			productName = SampleTests;
			productReference = B021BC572504B57300BFB99E /* SampleTests.xctest */;
			productType = "com.apple.product-type.bundle.unit-test";
		};
/* End PBXNativeTarget section */

/* Begin PBXProject section */
		B021BC392504B56E00BFB99E /* Project object */ = {
			isa = PBXProject;
			attributes = {
				LastSwiftUpdateCheck = 1160;
				LastUpgradeCheck = 1160;
				ORGANIZATIONNAME = tichise;
				TargetAttributes = {
					B021BC402504B56E00BFB99E = {
						CreatedOnToolsVersion = 11.6;
					};
					B021BC562504B57300BFB99E = {
						CreatedOnToolsVersion = 11.6;
						TestTargetID = B021BC402504B56E00BFB99E;
					};
				};
			};
			buildConfigurationList = B021BC3C2504B56E00BFB99E /* Build configuration list for PBXProject "Sample" */;
			compatibilityVersion = "Xcode 9.3";
			developmentRegion = en;
			hasScannedForEncodings = 0;
			knownRegions = (
				en,
				Base,
			);
			mainGroup = B021BC382504B56E00BFB99E;
			packageReferences = (
				B021BC682504BC9000BFB99E /* XCRemoteSwiftPackageReference "SFSafeSymbols" */,
				B02B47E72507BEC700031602 /* XCRemoteSwiftPackageReference "TILogger" */,
			);
			productRefGroup = B021BC422504B56E00BFB99E /* Products */;
			projectDirPath = "";
			projectRoot = "";
			targets = (
				B021BC402504B56E00BFB99E /* Sample */,
				B021BC562504B57300BFB99E /* SampleTests */,
			);
		};
/* End PBXProject section */

/* Begin PBXResourcesBuildPhase section */
		B021BC3F2504B56E00BFB99E /* Resources */ = {
			isa = PBXResourcesBuildPhase;
			buildActionMask = 2147483647;
			files = (
				B021BC512504B57200BFB99E /* LaunchScreen.storyboard in Resources */,
				B021BC4E2504B57200BFB99E /* Preview Assets.xcassets in Resources */,
				B021BC4B2504B57200BFB99E /* Assets.xcassets in Resources */,
			);
			runOnlyForDeploymentPostprocessing = 0;
		};
		B021BC552504B57300BFB99E /* Resources */ = {
			isa = PBXResourcesBuildPhase;
			buildActionMask = 2147483647;
			files = (
			);
			runOnlyForDeploymentPostprocessing = 0;
		};
/* End PBXResourcesBuildPhase section */

/* Begin PBXShellScriptBuildPhase section */
		C8F17D4206A003F561C820BA /* [CP] Check Pods Manifest.lock */ = {
			isa = PBXShellScriptBuildPhase;
			buildActionMask = 2147483647;
			files = (
			);
			inputFileListPaths = (
			);
			inputPaths = (
				"${PODS_PODFILE_DIR_PATH}/Podfile.lock",
				"${PODS_ROOT}/Manifest.lock",
			);
			name = "[CP] Check Pods Manifest.lock";
			outputFileListPaths = (
			);
			outputPaths = (
				"$(DERIVED_FILE_DIR)/Pods-Sample-checkManifestLockResult.txt",
			);
			runOnlyForDeploymentPostprocessing = 0;
			shellPath = /bin/sh;
			shellScript = "diff \"${PODS_PODFILE_DIR_PATH}/Podfile.lock\" \"${PODS_ROOT}/Manifest.lock\" > /dev/null\nif [ $? != 0 ] ; then\n    # print error to STDERR\n    echo \"error: The sandbox is not in sync with the Podfile.lock. Run 'pod install' or update your CocoaPods installation.\" >&2\n    exit 1\nfi\n# This output is used by Xcode 'outputs' to avoid re-running this script phase.\necho \"SUCCESS\" > \"${SCRIPT_OUTPUT_FILE_0}\"\n";
			showEnvVarsInLog = 0;
		};
		DD4C517B273493B25E8E8037 /* [CP] Embed Pods Frameworks */ = {
			isa = PBXShellScriptBuildPhase;
			buildActionMask = 2147483647;
			files = (
			);
			inputFileListPaths = (
				"${PODS_ROOT}/Target Support Files/Pods-Sample/Pods-Sample-frameworks-${CONFIGURATION}-input-files.xcfilelist",
			);
			name = "[CP] Embed Pods Frameworks";
			outputFileListPaths = (
				"${PODS_ROOT}/Target Support Files/Pods-Sample/Pods-Sample-frameworks-${CONFIGURATION}-output-files.xcfilelist",
			);
			runOnlyForDeploymentPostprocessing = 0;
			shellPath = /bin/sh;
			shellScript = "\"${PODS_ROOT}/Target Support Files/Pods-Sample/Pods-Sample-frameworks.sh\"\n";
			showEnvVarsInLog = 0;
		};
/* End PBXShellScriptBuildPhase section */

/* Begin PBXSourcesBuildPhase section */
		B021BC3D2504B56E00BFB99E /* Sources */ = {
			isa = PBXSourcesBuildPhase;
			buildActionMask = 2147483647;
			files = (
				B021BC452504B56E00BFB99E /* AppDelegate.swift in Sources */,
				B021BC472504B56E00BFB99E /* SceneDelegate.swift in Sources */,
				B021BC492504B56E00BFB99E /* ContentView.swift in Sources */,
			);
			runOnlyForDeploymentPostprocessing = 0;
		};
		B021BC532504B57300BFB99E /* Sources */ = {
			isa = PBXSourcesBuildPhase;
			buildActionMask = 2147483647;
			files = (
				B021BC5C2504B57300BFB99E /* SampleTests.swift in Sources */,
			);
			runOnlyForDeploymentPostprocessing = 0;
		};
/* End PBXSourcesBuildPhase section */

/* Begin PBXTargetDependency section */
		B021BC592504B57300BFB99E /* PBXTargetDependency */ = {
			isa = PBXTargetDependency;
			target = B021BC402504B56E00BFB99E /* Sample */;
			targetProxy = B021BC582504B57300BFB99E /* PBXContainerItemProxy */;
		};
/* End PBXTargetDependency section */

/* Begin PBXVariantGroup section */
		B021BC4F2504B57200BFB99E /* LaunchScreen.storyboard */ = {
			isa = PBXVariantGroup;
			children = (
				B021BC502504B57200BFB99E /* Base */,
			);
			name = LaunchScreen.storyboard;
			sourceTree = "<group>";
		};
/* End PBXVariantGroup section */

/* Begin XCBuildConfiguration section */
		B021BC5E2504B57300BFB99E /* Debug */ = {
			isa = XCBuildConfiguration;
			buildSettings = {
				ALWAYS_SEARCH_USER_PATHS = NO;
				CLANG_ANALYZER_NONNULL = YES;
				CLANG_ANALYZER_NUMBER_OBJECT_CONVERSION = YES_AGGRESSIVE;
				CLANG_CXX_LANGUAGE_STANDARD = "gnu++14";
				CLANG_CXX_LIBRARY = "libc++";
				CLANG_ENABLE_MODULES = YES;
				CLANG_ENABLE_OBJC_ARC = YES;
				CLANG_ENABLE_OBJC_WEAK = YES;
				CLANG_WARN_BLOCK_CAPTURE_AUTORELEASING = YES;
				CLANG_WARN_BOOL_CONVERSION = YES;
				CLANG_WARN_COMMA = YES;
				CLANG_WARN_CONSTANT_CONVERSION = YES;
				CLANG_WARN_DEPRECATED_OBJC_IMPLEMENTATIONS = YES;
				CLANG_WARN_DIRECT_OBJC_ISA_USAGE = YES_ERROR;
				CLANG_WARN_DOCUMENTATION_COMMENTS = YES;
				CLANG_WARN_EMPTY_BODY = YES;
				CLANG_WARN_ENUM_CONVERSION = YES;
				CLANG_WARN_INFINITE_RECURSION = YES;
				CLANG_WARN_INT_CONVERSION = YES;
				CLANG_WARN_NON_LITERAL_NULL_CONVERSION = YES;
				CLANG_WARN_OBJC_IMPLICIT_RETAIN_SELF = YES;
				CLANG_WARN_OBJC_LITERAL_CONVERSION = YES;
				CLANG_WARN_OBJC_ROOT_CLASS = YES_ERROR;
				CLANG_WARN_RANGE_LOOP_ANALYSIS = YES;
				CLANG_WARN_STRICT_PROTOTYPES = YES;
				CLANG_WARN_SUSPICIOUS_MOVE = YES;
				CLANG_WARN_UNGUARDED_AVAILABILITY = YES_AGGRESSIVE;
				CLANG_WARN_UNREACHABLE_CODE = YES;
				CLANG_WARN__DUPLICATE_METHOD_MATCH = YES;
				COPY_PHASE_STRIP = NO;
				DEBUG_INFORMATION_FORMAT = dwarf;
				ENABLE_STRICT_OBJC_MSGSEND = YES;
				ENABLE_TESTABILITY = YES;
				GCC_C_LANGUAGE_STANDARD = gnu11;
				GCC_DYNAMIC_NO_PIC = NO;
				GCC_NO_COMMON_BLOCKS = YES;
				GCC_OPTIMIZATION_LEVEL = 0;
				GCC_PREPROCESSOR_DEFINITIONS = (
					"DEBUG=1",
					"$(inherited)",
				);
				GCC_WARN_64_TO_32_BIT_CONVERSION = YES;
				GCC_WARN_ABOUT_RETURN_TYPE = YES_ERROR;
				GCC_WARN_UNDECLARED_SELECTOR = YES;
				GCC_WARN_UNINITIALIZED_AUTOS = YES_AGGRESSIVE;
				GCC_WARN_UNUSED_FUNCTION = YES;
				GCC_WARN_UNUSED_VARIABLE = YES;
				IPHONEOS_DEPLOYMENT_TARGET = 13.0;
				MTL_ENABLE_DEBUG_INFO = INCLUDE_SOURCE;
				MTL_FAST_MATH = YES;
				ONLY_ACTIVE_ARCH = YES;
				SDKROOT = iphoneos;
				SWIFT_ACTIVE_COMPILATION_CONDITIONS = DEBUG;
				SWIFT_OPTIMIZATION_LEVEL = "-Onone";
			};
			name = Debug;
		};
		B021BC5F2504B57300BFB99E /* Release */ = {
			isa = XCBuildConfiguration;
			buildSettings = {
				ALWAYS_SEARCH_USER_PATHS = NO;
				CLANG_ANALYZER_NONNULL = YES;
				CLANG_ANALYZER_NUMBER_OBJECT_CONVERSION = YES_AGGRESSIVE;
				CLANG_CXX_LANGUAGE_STANDARD = "gnu++14";
				CLANG_CXX_LIBRARY = "libc++";
				CLANG_ENABLE_MODULES = YES;
				CLANG_ENABLE_OBJC_ARC = YES;
				CLANG_ENABLE_OBJC_WEAK = YES;
				CLANG_WARN_BLOCK_CAPTURE_AUTORELEASING = YES;
				CLANG_WARN_BOOL_CONVERSION = YES;
				CLANG_WARN_COMMA = YES;
				CLANG_WARN_CONSTANT_CONVERSION = YES;
				CLANG_WARN_DEPRECATED_OBJC_IMPLEMENTATIONS = YES;
				CLANG_WARN_DIRECT_OBJC_ISA_USAGE = YES_ERROR;
				CLANG_WARN_DOCUMENTATION_COMMENTS = YES;
				CLANG_WARN_EMPTY_BODY = YES;
				CLANG_WARN_ENUM_CONVERSION = YES;
				CLANG_WARN_INFINITE_RECURSION = YES;
				CLANG_WARN_INT_CONVERSION = YES;
				CLANG_WARN_NON_LITERAL_NULL_CONVERSION = YES;
				CLANG_WARN_OBJC_IMPLICIT_RETAIN_SELF = YES;
				CLANG_WARN_OBJC_LITERAL_CONVERSION = YES;
				CLANG_WARN_OBJC_ROOT_CLASS = YES_ERROR;
				CLANG_WARN_RANGE_LOOP_ANALYSIS = YES;
				CLANG_WARN_STRICT_PROTOTYPES = YES;
				CLANG_WARN_SUSPICIOUS_MOVE = YES;
				CLANG_WARN_UNGUARDED_AVAILABILITY = YES_AGGRESSIVE;
				CLANG_WARN_UNREACHABLE_CODE = YES;
				CLANG_WARN__DUPLICATE_METHOD_MATCH = YES;
				COPY_PHASE_STRIP = NO;
				DEBUG_INFORMATION_FORMAT = "dwarf-with-dsym";
				ENABLE_NS_ASSERTIONS = NO;
				ENABLE_STRICT_OBJC_MSGSEND = YES;
				GCC_C_LANGUAGE_STANDARD = gnu11;
				GCC_NO_COMMON_BLOCKS = YES;
				GCC_WARN_64_TO_32_BIT_CONVERSION = YES;
				GCC_WARN_ABOUT_RETURN_TYPE = YES_ERROR;
				GCC_WARN_UNDECLARED_SELECTOR = YES;
				GCC_WARN_UNINITIALIZED_AUTOS = YES_AGGRESSIVE;
				GCC_WARN_UNUSED_FUNCTION = YES;
				GCC_WARN_UNUSED_VARIABLE = YES;
				IPHONEOS_DEPLOYMENT_TARGET = 13.0;
				MTL_ENABLE_DEBUG_INFO = NO;
				MTL_FAST_MATH = YES;
				SDKROOT = iphoneos;
				SWIFT_COMPILATION_MODE = wholemodule;
				SWIFT_OPTIMIZATION_LEVEL = "-O";
				VALIDATE_PRODUCT = YES;
			};
			name = Release;
		};
		B021BC612504B57300BFB99E /* Debug */ = {
			isa = XCBuildConfiguration;
			baseConfigurationReference = 4D3BB912A07587F37C394E83 /* Pods-Sample.debug.xcconfig */;
			buildSettings = {
				ASSETCATALOG_COMPILER_APPICON_NAME = AppIcon;
				CODE_SIGN_STYLE = Automatic;
				DEVELOPMENT_ASSET_PATHS = "\"Sample/Preview Content\"";
				DEVELOPMENT_TEAM = WBZ98LPU7V;
				ENABLE_PREVIEWS = YES;
				INFOPLIST_FILE = Sample/Info.plist;
				IPHONEOS_DEPLOYMENT_TARGET = 13.0;
				LD_RUNPATH_SEARCH_PATHS = (
					"$(inherited)",
					"@executable_path/Frameworks",
				);
				PRODUCT_BUNDLE_IDENTIFIER = ichise.Sample;
				PRODUCT_NAME = "$(TARGET_NAME)";
				SWIFT_VERSION = 5.0;
				TARGETED_DEVICE_FAMILY = "1,2";
			};
			name = Debug;
		};
		B021BC622504B57300BFB99E /* Release */ = {
			isa = XCBuildConfiguration;
			baseConfigurationReference = 0E4C4370AFA6BE790408DCE5 /* Pods-Sample.release.xcconfig */;
			buildSettings = {
				ASSETCATALOG_COMPILER_APPICON_NAME = AppIcon;
				CODE_SIGN_STYLE = Automatic;
				DEVELOPMENT_ASSET_PATHS = "\"Sample/Preview Content\"";
				DEVELOPMENT_TEAM = WBZ98LPU7V;
				ENABLE_PREVIEWS = YES;
				INFOPLIST_FILE = Sample/Info.plist;
				IPHONEOS_DEPLOYMENT_TARGET = 13.0;
				LD_RUNPATH_SEARCH_PATHS = (
					"$(inherited)",
					"@executable_path/Frameworks",
				);
				PRODUCT_BUNDLE_IDENTIFIER = ichise.Sample;
				PRODUCT_NAME = "$(TARGET_NAME)";
				SWIFT_VERSION = 5.0;
				TARGETED_DEVICE_FAMILY = "1,2";
			};
			name = Release;
		};
		B021BC642504B57300BFB99E /* Debug */ = {
			isa = XCBuildConfiguration;
			buildSettings = {
				ALWAYS_EMBED_SWIFT_STANDARD_LIBRARIES = YES;
				BUNDLE_LOADER = "$(TEST_HOST)";
				CODE_SIGN_STYLE = Automatic;
				DEVELOPMENT_TEAM = WBZ98LPU7V;
				INFOPLIST_FILE = SampleTests/Info.plist;
				IPHONEOS_DEPLOYMENT_TARGET = 13.6;
				LD_RUNPATH_SEARCH_PATHS = (
					"$(inherited)",
					"@executable_path/Frameworks",
					"@loader_path/Frameworks",
				);
				PRODUCT_BUNDLE_IDENTIFIER = ichise.SampleTests;
				PRODUCT_NAME = "$(TARGET_NAME)";
				SWIFT_VERSION = 5.0;
				TARGETED_DEVICE_FAMILY = "1,2";
				TEST_HOST = "$(BUILT_PRODUCTS_DIR)/Sample.app/Sample";
			};
			name = Debug;
		};
		B021BC652504B57300BFB99E /* Release */ = {
			isa = XCBuildConfiguration;
			buildSettings = {
				ALWAYS_EMBED_SWIFT_STANDARD_LIBRARIES = YES;
				BUNDLE_LOADER = "$(TEST_HOST)";
				CODE_SIGN_STYLE = Automatic;
				DEVELOPMENT_TEAM = WBZ98LPU7V;
				INFOPLIST_FILE = SampleTests/Info.plist;
				IPHONEOS_DEPLOYMENT_TARGET = 13.6;
				LD_RUNPATH_SEARCH_PATHS = (
					"$(inherited)",
					"@executable_path/Frameworks",
					"@loader_path/Frameworks",
				);
				PRODUCT_BUNDLE_IDENTIFIER = ichise.SampleTests;
				PRODUCT_NAME = "$(TARGET_NAME)";
				SWIFT_VERSION = 5.0;
				TARGETED_DEVICE_FAMILY = "1,2";
				TEST_HOST = "$(BUILT_PRODUCTS_DIR)/Sample.app/Sample";
			};
			name = Release;
		};
/* End XCBuildConfiguration section */

/* Begin XCConfigurationList section */
		B021BC3C2504B56E00BFB99E /* Build configuration list for PBXProject "Sample" */ = {
			isa = XCConfigurationList;
			buildConfigurations = (
				B021BC5E2504B57300BFB99E /* Debug */,
				B021BC5F2504B57300BFB99E /* Release */,
			);
			defaultConfigurationIsVisible = 0;
			defaultConfigurationName = Release;
		};
		B021BC602504B57300BFB99E /* Build configuration list for PBXNativeTarget "Sample" */ = {
			isa = XCConfigurationList;
			buildConfigurations = (
				B021BC612504B57300BFB99E /* Debug */,
				B021BC622504B57300BFB99E /* Release */,
			);
			defaultConfigurationIsVisible = 0;
			defaultConfigurationName = Release;
		};
		B021BC632504B57300BFB99E /* Build configuration list for PBXNativeTarget "SampleTests" */ = {
			isa = XCConfigurationList;
			buildConfigurations = (
				B021BC642504B57300BFB99E /* Debug */,
				B021BC652504B57300BFB99E /* Release */,
			);
			defaultConfigurationIsVisible = 0;
			defaultConfigurationName = Release;
		};
/* End XCConfigurationList section */

/* Begin XCRemoteSwiftPackageReference section */
		B021BC682504BC9000BFB99E /* XCRemoteSwiftPackageReference "SFSafeSymbols" */ = {
			isa = XCRemoteSwiftPackageReference;
			repositoryURL = "https://github.com/piknotech/SFSafeSymbols";
			requirement = {
				kind = upToNextMajorVersion;
				minimumVersion = 1.2.0;
			};
		};
		B02B47E72507BEC700031602 /* XCRemoteSwiftPackageReference "TILogger" */ = {
			isa = XCRemoteSwiftPackageReference;
			repositoryURL = "https://github.com/tichise/TILogger";
			requirement = {
				kind = upToNextMajorVersion;
				minimumVersion = 1.2.0;
			};
		};
/* End XCRemoteSwiftPackageReference section */

/* Begin XCSwiftPackageProductDependency section */
		B021BC692504BC9000BFB99E /* SFSafeSymbols */ = {
			isa = XCSwiftPackageProductDependency;
			package = B021BC682504BC9000BFB99E /* XCRemoteSwiftPackageReference "SFSafeSymbols" */;
			productName = SFSafeSymbols;
		};
		B02B47E82507BEC700031602 /* TILogger */ = {
			isa = XCSwiftPackageProductDependency;
			package = B02B47E72507BEC700031602 /* XCRemoteSwiftPackageReference "TILogger" */;
			productName = TILogger;
		};
/* End XCSwiftPackageProductDependency section */
	};
	rootObject = B021BC392504B56E00BFB99E /* Project object */;
}
